// !$*UTF8*$!
{
	archiveVersion = 1;
	classes = {
	};
	objectVersion = 50;
	objects = {

/* Begin PBXBuildFile section */
		D6FC026C2244C52500633412 /* SWM대비-string-sort2.cpp in Sources */ = {isa = PBXBuildFile; fileRef = D6FC026B2244C52500633412 /* SWM대비-string-sort2.cpp */; };
/* End PBXBuildFile section */

/* Begin PBXCopyFilesBuildPhase section */
		D6C1D44521CACC86006DE761 /* CopyFiles */ = {
			isa = PBXCopyFilesBuildPhase;
			buildActionMask = 2147483647;
			dstPath = /usr/share/man/man1/;
			dstSubfolderSpec = 0;
			files = (
			);
			runOnlyForDeploymentPostprocessing = 1;
		};
/* End PBXCopyFilesBuildPhase section */

/* Begin PBXFileReference section */
		D60C11E621D28CA5008E3B52 /* 1463(1로만들기)-bottomup.cpp */ = {isa = PBXFileReference; lastKnownFileType = sourcecode.cpp.cpp; path = "1463(1로만들기)-bottomup.cpp"; sourceTree = "<group>"; };
		D60C11E921DB0C6B008E3B52 /* 11762(2*n타일만들기).cpp */ = {isa = PBXFileReference; lastKnownFileType = sourcecode.cpp.cpp; path = "11762(2*n타일만들기).cpp"; sourceTree = "<group>"; };
		D614F3F0223D3626003433B6 /* prime_factorization.cpp */ = {isa = PBXFileReference; lastKnownFileType = sourcecode.cpp.cpp; path = prime_factorization.cpp; sourceTree = "<group>"; };
		D614F3F2223D38D0003433B6 /* factorial_exam.cpp */ = {isa = PBXFileReference; lastKnownFileType = sourcecode.cpp.cpp; path = factorial_exam.cpp; sourceTree = "<group>"; };
		D621D391222FFAD70013625D /* 2839(설탕배달).cpp */ = {isa = PBXFileReference; lastKnownFileType = sourcecode.cpp.cpp; path = "2839(설탕배달).cpp"; sourceTree = "<group>"; };
		D624D6032241F8C700ED5E68 /* merge-sort-swm.cpp */ = {isa = PBXFileReference; lastKnownFileType = sourcecode.cpp.cpp; path = "merge-sort-swm.cpp"; sourceTree = "<group>"; };
		D624D60622426AF000ED5E68 /* 기억상실(소마).cpp */ = {isa = PBXFileReference; lastKnownFileType = sourcecode.cpp.cpp; path = "기억상실(소마).cpp"; sourceTree = "<group>"; };
		D624D6082242713000ED5E68 /* SWM대비-그리디알고리즘1개념.cpp */ = {isa = PBXFileReference; lastKnownFileType = sourcecode.cpp.cpp; path = "SWM대비-그리디알고리즘1개념.cpp"; sourceTree = "<group>"; };
		D624D60A224273A700ED5E68 /* SWM대비-그리디알고리즘2(5585거스름돈).cpp */ = {isa = PBXFileReference; lastKnownFileType = sourcecode.cpp.cpp; path = "SWM대비-그리디알고리즘2(5585거스름돈).cpp"; sourceTree = "<group>"; };
		D624D60C224275E000ED5E68 /* SWM대비-그리디알고리즘3(11047동전0).cpp */ = {isa = PBXFileReference; lastKnownFileType = sourcecode.cpp.cpp; path = "SWM대비-그리디알고리즘3(11047동전0).cpp"; sourceTree = "<group>"; };
		D62A788F222AC00D00F58792 /* greedy_algorithm.cpp */ = {isa = PBXFileReference; lastKnownFileType = sourcecode.cpp.cpp; path = greedy_algorithm.cpp; sourceTree = "<group>"; };
		D62A7891222AC90D00F58792 /* selection_sort.cpp */ = {isa = PBXFileReference; lastKnownFileType = sourcecode.cpp.cpp; path = selection_sort.cpp; sourceTree = "<group>"; };
		D62A7893222AD8C900F58792 /* insertion_sort.cpp */ = {isa = PBXFileReference; lastKnownFileType = sourcecode.cpp.cpp; path = insertion_sort.cpp; sourceTree = "<group>"; };
		D62A7895222ADCEE00F58792 /* quick_sort.cpp */ = {isa = PBXFileReference; lastKnownFileType = sourcecode.cpp.cpp; path = quick_sort.cpp; sourceTree = "<group>"; };
		D62A7897222BA29800F58792 /* numeral_system.cpp */ = {isa = PBXFileReference; lastKnownFileType = sourcecode.cpp.cpp; path = numeral_system.cpp; sourceTree = "<group>"; };
		D62A789B222BBC9200F58792 /* quicksort2.cpp */ = {isa = PBXFileReference; lastKnownFileType = sourcecode.cpp.cpp; path = quicksort2.cpp; sourceTree = "<group>"; };
		D62A789D222D43F600F58792 /* merge_sort.cpp */ = {isa = PBXFileReference; lastKnownFileType = sourcecode.cpp.cpp; path = merge_sort.cpp; sourceTree = "<group>"; };
		D62A789F222D4F6600F58792 /* Sort_STL.cpp */ = {isa = PBXFileReference; lastKnownFileType = sourcecode.cpp.cpp; path = Sort_STL.cpp; sourceTree = "<group>"; };
		D62A78A1222D521A00F58792 /* Sort_STL2.cpp */ = {isa = PBXFileReference; lastKnownFileType = sourcecode.cpp.cpp; path = Sort_STL2.cpp; sourceTree = "<group>"; };
		D62A78A3222D576800F58792 /* Sort_STL3.cpp */ = {isa = PBXFileReference; lastKnownFileType = sourcecode.cpp.cpp; path = Sort_STL3.cpp; sourceTree = "<group>"; };
		D62A78A5222D635F00F58792 /* heap_sort.cpp */ = {isa = PBXFileReference; lastKnownFileType = sourcecode.cpp.cpp; path = heap_sort.cpp; sourceTree = "<group>"; };
		D62A78A7222D726E00F58792 /* couting_sort.cpp */ = {isa = PBXFileReference; lastKnownFileType = sourcecode.cpp.cpp; path = couting_sort.cpp; sourceTree = "<group>"; };
		D62A78A9222D77B800F58792 /* 1181(단어정렬).cpp */ = {isa = PBXFileReference; lastKnownFileType = sourcecode.cpp.cpp; path = "1181(단어정렬).cpp"; sourceTree = "<group>"; };
		D636A1B3223D1B0400F9E74B /* 11005(진법변환2).cpp */ = {isa = PBXFileReference; lastKnownFileType = sourcecode.cpp.cpp; path = "11005(진법변환2).cpp"; sourceTree = "<group>"; };
		D636A1B5223D24B500F9E74B /* 2745(진법변환1).cpp */ = {isa = PBXFileReference; lastKnownFileType = sourcecode.cpp.cpp; path = "2745(진법변환1).cpp"; sourceTree = "<group>"; };
		D636A1B7223D2CCF00F9E74B /* prime_number.cpp */ = {isa = PBXFileReference; lastKnownFileType = sourcecode.cpp.cpp; path = prime_number.cpp; sourceTree = "<group>"; };
		D63D33EF2244BFD30099025E /* SWM대비-string-sort1.cpp */ = {isa = PBXFileReference; lastKnownFileType = sourcecode.cpp.cpp; path = "SWM대비-string-sort1.cpp"; sourceTree = "<group>"; };
		D63D5AC62230BCE60063F586 /* 9498(시험성적).cpp */ = {isa = PBXFileReference; lastKnownFileType = sourcecode.cpp.cpp; path = "9498(시험성적).cpp"; sourceTree = "<group>"; };
		D63D5AC82230BF910063F586 /* 4673(셀프넘버).cpp */ = {isa = PBXFileReference; lastKnownFileType = sourcecode.cpp.cpp; path = "4673(셀프넘버).cpp"; sourceTree = "<group>"; };
		D63D5ACA223111640063F586 /* TestCase.cpp */ = {isa = PBXFileReference; lastKnownFileType = sourcecode.cpp.cpp; path = TestCase.cpp; sourceTree = "<group>"; };
		D63D5ACC223178910063F586 /* union_find.cpp */ = {isa = PBXFileReference; lastKnownFileType = sourcecode.cpp.cpp; path = union_find.cpp; sourceTree = "<group>"; };
		D63D5ACE22317BF00063F586 /* cruscal_agorithm.cpp */ = {isa = PBXFileReference; lastKnownFileType = sourcecode.cpp.cpp; path = cruscal_agorithm.cpp; sourceTree = "<group>"; };
		D63D5AD0223184A30063F586 /* binary_tree.cpp */ = {isa = PBXFileReference; lastKnownFileType = sourcecode.cpp.cpp; path = binary_tree.cpp; sourceTree = "<group>"; };
		D63D5AD32234FC490063F586 /* fibonachi.cpp */ = {isa = PBXFileReference; lastKnownFileType = sourcecode.cpp.cpp; path = fibonachi.cpp; sourceTree = "<group>"; };
		D63D5AD5223500790063F586 /* 1463(1로 만들기).cpp */ = {isa = PBXFileReference; lastKnownFileType = sourcecode.cpp.cpp; path = "1463(1로 만들기).cpp"; sourceTree = "<group>"; };
		D63D5AD7223503AA0063F586 /* Sort_upgrade.cpp */ = {isa = PBXFileReference; lastKnownFileType = sourcecode.cpp.cpp; path = Sort_upgrade.cpp; sourceTree = "<group>"; };
		D63D5AD92236C5430063F586 /* 10430(나머지).cpp */ = {isa = PBXFileReference; lastKnownFileType = sourcecode.cpp.cpp; path = "10430(나머지).cpp"; sourceTree = "<group>"; };
		D63D5ADB2236C7F30063F586 /* GCD-1.cpp */ = {isa = PBXFileReference; lastKnownFileType = sourcecode.cpp.cpp; path = "GCD-1.cpp"; sourceTree = "<group>"; };
		D63D5ADD2236C94D0063F586 /* GCD-2.cpp */ = {isa = PBXFileReference; lastKnownFileType = sourcecode.cpp.cpp; path = "GCD-2.cpp"; sourceTree = "<group>"; };
		D63D5ADF2236CA070063F586 /* GCD-3.cpp */ = {isa = PBXFileReference; lastKnownFileType = sourcecode.cpp.cpp; path = "GCD-3.cpp"; sourceTree = "<group>"; };
		D63D5AE12236CB1A0063F586 /* GCD-4.cpp */ = {isa = PBXFileReference; lastKnownFileType = sourcecode.cpp.cpp; path = "GCD-4.cpp"; sourceTree = "<group>"; };
		D63D5AE32236CC7F0063F586 /* GCDLCM-1.cpp */ = {isa = PBXFileReference; lastKnownFileType = sourcecode.cpp.cpp; path = "GCDLCM-1.cpp"; sourceTree = "<group>"; };
		D63D5AE52236CDEF0063F586 /* LCM.cpp */ = {isa = PBXFileReference; lastKnownFileType = sourcecode.cpp.cpp; path = LCM.cpp; sourceTree = "<group>"; };
		D63D5AE72236CF940063F586 /* GCD-SUM.cpp */ = {isa = PBXFileReference; lastKnownFileType = sourcecode.cpp.cpp; path = "GCD-SUM.cpp"; sourceTree = "<group>"; };
		D63D5AE92236D24E0063F586 /* BC(baseconversion).cpp */ = {isa = PBXFileReference; lastKnownFileType = sourcecode.cpp.cpp; path = "BC(baseconversion).cpp"; sourceTree = "<group>"; };
		D63D5AEB2237457C0063F586 /* test-file.cpp */ = {isa = PBXFileReference; lastKnownFileType = sourcecode.cpp.cpp; path = "test-file.cpp"; sourceTree = "<group>"; };
		D648B7E022428A7800AB730D /* SWM대비-그리디알고리즘5(2217로프).cpp */ = {isa = PBXFileReference; lastKnownFileType = sourcecode.cpp.cpp; path = "SWM대비-그리디알고리즘5(2217로프).cpp"; sourceTree = "<group>"; };
		D648B7E2224296CE00AB730D /* SWM대비-대소문자 변경.cpp */ = {isa = PBXFileReference; lastKnownFileType = sourcecode.cpp.cpp; path = "SWM대비-대소문자 변경.cpp"; sourceTree = "<group>"; };
		D648B7E422429A6700AB730D /* SWM대비-진법 변환.cpp */ = {isa = PBXFileReference; lastKnownFileType = sourcecode.cpp.cpp; path = "SWM대비-진법 변환.cpp"; sourceTree = "<group>"; };
		D648B7E622429D6600AB730D /* SWM대비-선택정렬.cpp */ = {isa = PBXFileReference; lastKnownFileType = sourcecode.cpp.cpp; path = "SWM대비-선택정렬.cpp"; sourceTree = "<group>"; };
		D648B7E822429F5800AB730D /* SWM대비-삽입정렬.cpp */ = {isa = PBXFileReference; lastKnownFileType = sourcecode.cpp.cpp; path = "SWM대비-삽입정렬.cpp"; sourceTree = "<group>"; };
		D648B7EA2242A11200AB730D /* SWM대비-퀵정렬.cpp */ = {isa = PBXFileReference; lastKnownFileType = sourcecode.cpp.cpp; path = "SWM대비-퀵정렬.cpp"; sourceTree = "<group>"; };
		D648B7EC2242A68900AB730D /* SWM대비- 최대공약수,최소공배수.cpp */ = {isa = PBXFileReference; lastKnownFileType = sourcecode.cpp.cpp; path = "SWM대비- 최대공약수,최소공배수.cpp"; sourceTree = "<group>"; };
		D648B7EE2242A7AC00AB730D /* SWM대비-팩토리얼.cpp */ = {isa = PBXFileReference; lastKnownFileType = sourcecode.cpp.cpp; path = "SWM대비-팩토리얼.cpp"; sourceTree = "<group>"; };
		D648B7F02242A88300AB730D /* SWM대비-피보나치수열.cpp */ = {isa = PBXFileReference; lastKnownFileType = sourcecode.cpp.cpp; path = "SWM대비-피보나치수열.cpp"; sourceTree = "<group>"; };
		D648B7F22242ABAC00AB730D /* SWM대비-버블정렬.cpp */ = {isa = PBXFileReference; lastKnownFileType = sourcecode.cpp.cpp; path = "SWM대비-버블정렬.cpp"; sourceTree = "<group>"; };
		D648B7F42242BC5D00AB730D /* SWM대비-합병정렬.cpp */ = {isa = PBXFileReference; lastKnownFileType = sourcecode.cpp.cpp; path = "SWM대비-합병정렬.cpp"; sourceTree = "<group>"; };
		D648B7F622435DCE00AB730D /* SWM대비-BFS.cpp */ = {isa = PBXFileReference; lastKnownFileType = sourcecode.cpp.cpp; path = "SWM대비-BFS.cpp"; sourceTree = "<group>"; };
		D648B7F822436E6A00AB730D /* SWM대비-vector.cpp */ = {isa = PBXFileReference; lastKnownFileType = sourcecode.cpp.cpp; path = "SWM대비-vector.cpp"; sourceTree = "<group>"; };
		D648B7FA2243795100AB730D /* SWM대비-BFSDFS미로탐색.cpp */ = {isa = PBXFileReference; lastKnownFileType = sourcecode.cpp.cpp; path = "SWM대비-BFSDFS미로탐색.cpp"; sourceTree = "<group>"; };
		D65F0B232229008D0009D839 /* bubble_sort.cpp */ = {isa = PBXFileReference; lastKnownFileType = sourcecode.cpp.cpp; path = bubble_sort.cpp; sourceTree = "<group>"; };
		D69534D52242841200CAC90A /* SWM대비-그리디알고리즘4(11339ATM).cpp */ = {isa = PBXFileReference; lastKnownFileType = sourcecode.cpp.cpp; path = "SWM대비-그리디알고리즘4(11339ATM).cpp"; sourceTree = "<group>"; };
		D6AAB88B2244ABED00894B7B /* SWM대비-pair.cpp */ = {isa = PBXFileReference; lastKnownFileType = sourcecode.cpp.cpp; path = "SWM대비-pair.cpp"; sourceTree = "<group>"; };
		D6AAB88D2244B2BE00894B7B /* SWM대비-계수정렬.cpp */ = {isa = PBXFileReference; lastKnownFileType = sourcecode.cpp.cpp; path = "SWM대비-계수정렬.cpp"; sourceTree = "<group>"; };
		D6AAB88F2244BA8D00894B7B /* SWM대비-string-sort.cpp */ = {isa = PBXFileReference; lastKnownFileType = sourcecode.cpp.cpp; path = "SWM대비-string-sort.cpp"; sourceTree = "<group>"; };
		D6C1D44721CACC86006DE761 /* beakjoon_algorithm */ = {isa = PBXFileReference; explicitFileType = "compiled.mach-o.executable"; includeInIndex = 0; path = beakjoon_algorithm; sourceTree = BUILT_PRODUCTS_DIR; };
		D6C1D45121CACCC2006DE761 /* 10808(알파벳개수).cpp */ = {isa = PBXFileReference; fileEncoding = 4; lastKnownFileType = sourcecode.cpp.cpp; path = "10808(알파벳개수).cpp"; sourceTree = "<group>"; };
		D6C1D45221CACCC3006DE761 /* 10820(문자열분석).cpp */ = {isa = PBXFileReference; fileEncoding = 4; lastKnownFileType = sourcecode.cpp.cpp; path = "10820(문자열분석).cpp"; sourceTree = "<group>"; };
		D6C1D45321CACCC3006DE761 /* 1260(DFS-2).cpp */ = {isa = PBXFileReference; fileEncoding = 4; lastKnownFileType = sourcecode.cpp.cpp; path = "1260(DFS-2).cpp"; sourceTree = "<group>"; };
		D6C1D45421CACCC3006DE761 /* 10951.cpp */ = {isa = PBXFileReference; fileEncoding = 4; lastKnownFileType = sourcecode.cpp.cpp; path = 10951.cpp; sourceTree = "<group>"; };
		D6C1D45521CACCC3006DE761 /* nevelcup_A.cpp */ = {isa = PBXFileReference; fileEncoding = 4; lastKnownFileType = sourcecode.cpp.cpp; path = nevelcup_A.cpp; sourceTree = "<group>"; };
		D6C1D45621CACCC3006DE761 /* 11718(그대로 출력하기).cpp */ = {isa = PBXFileReference; fileEncoding = 4; lastKnownFileType = sourcecode.cpp.cpp; path = "11718(그대로 출력하기).cpp"; sourceTree = "<group>"; };
		D6C1D45721CACCC3006DE761 /* 2667(단지2).cpp */ = {isa = PBXFileReference; fileEncoding = 4; lastKnownFileType = sourcecode.cpp.cpp; path = "2667(단지2).cpp"; sourceTree = "<group>"; };
		D6C1D45821CACCC3006DE761 /* 1937(욕심쟁이판다).cpp */ = {isa = PBXFileReference; fileEncoding = 4; lastKnownFileType = sourcecode.cpp.cpp; path = "1937(욕심쟁이판다).cpp"; sourceTree = "<group>"; };
		D6C1D45921CACCC3006DE761 /* 10172.cpp */ = {isa = PBXFileReference; fileEncoding = 4; lastKnownFileType = sourcecode.cpp.cpp; path = 10172.cpp; sourceTree = "<group>"; };
		D6C1D45A21CACCC3006DE761 /* 7289.cpp */ = {isa = PBXFileReference; fileEncoding = 4; lastKnownFileType = sourcecode.cpp.cpp; path = 7289.cpp; sourceTree = "<group>"; };
		D6C1D45B21CACCC3006DE761 /* 2579(계단오르기).cpp */ = {isa = PBXFileReference; fileEncoding = 4; lastKnownFileType = sourcecode.cpp.cpp; path = "2579(계단오르기).cpp"; sourceTree = "<group>"; };
		D6C1D45C21CACCC4006DE761 /* 10845.cpp */ = {isa = PBXFileReference; fileEncoding = 4; lastKnownFileType = sourcecode.cpp.cpp; path = 10845.cpp; sourceTree = "<group>"; };
		D6C1D45D21CACCC4006DE761 /* 1406.cpp */ = {isa = PBXFileReference; fileEncoding = 4; lastKnownFileType = sourcecode.cpp.cpp; path = 1406.cpp; sourceTree = "<group>"; };
		D6C1D45E21CACCC4006DE761 /* 1697(숨바꼭질).cpp */ = {isa = PBXFileReference; fileEncoding = 4; lastKnownFileType = sourcecode.cpp.cpp; path = "1697(숨바꼭질).cpp"; sourceTree = "<group>"; };
		D6C1D46021CACCC4006DE761 /* 2178(미로탐색).cpp */ = {isa = PBXFileReference; fileEncoding = 4; lastKnownFileType = sourcecode.cpp.cpp; path = "2178(미로탐색).cpp"; sourceTree = "<group>"; };
		D6C1D46121CACCC4006DE761 /* 1158(조세퍼스).cpp */ = {isa = PBXFileReference; fileEncoding = 4; lastKnownFileType = sourcecode.cpp.cpp; path = "1158(조세퍼스).cpp"; sourceTree = "<group>"; };
		D6C1D46221CACCC4006DE761 /* 1012(유기농배추).cpp */ = {isa = PBXFileReference; fileEncoding = 4; lastKnownFileType = sourcecode.cpp.cpp; path = "1012(유기농배추).cpp"; sourceTree = "<group>"; };
		D6C1D46321CACCC4006DE761 /* 10866(Deque).cpp */ = {isa = PBXFileReference; fileEncoding = 4; lastKnownFileType = sourcecode.cpp.cpp; path = "10866(Deque).cpp"; sourceTree = "<group>"; };
		D6C1D46421CACCC5006DE761 /* 10799(쇠막대기).cpp */ = {isa = PBXFileReference; fileEncoding = 4; lastKnownFileType = sourcecode.cpp.cpp; path = "10799(쇠막대기).cpp"; sourceTree = "<group>"; };
		D6C1D46521CACCC5006DE761 /* 1406(에디터).cpp */ = {isa = PBXFileReference; fileEncoding = 4; lastKnownFileType = sourcecode.cpp.cpp; path = "1406(에디터).cpp"; sourceTree = "<group>"; };
		D6C1D46621CACCC5006DE761 /* 11656.cpp */ = {isa = PBXFileReference; fileEncoding = 4; lastKnownFileType = sourcecode.cpp.cpp; path = 11656.cpp; sourceTree = "<group>"; };
		D6C1D46721CACCC5006DE761 /* 10828_stack.cpp */ = {isa = PBXFileReference; fileEncoding = 4; lastKnownFileType = sourcecode.cpp.cpp; path = 10828_stack.cpp; sourceTree = "<group>"; };
		D6C1D46821CACCC5006DE761 /* 1260(DFS와BFS).cpp */ = {isa = PBXFileReference; fileEncoding = 4; lastKnownFileType = sourcecode.cpp.cpp; path = "1260(DFS와BFS).cpp"; sourceTree = "<group>"; };
		D6C1D46921CACCC5006DE761 /* Recursive_example.cpp */ = {isa = PBXFileReference; fileEncoding = 4; lastKnownFileType = sourcecode.cpp.cpp; path = Recursive_example.cpp; sourceTree = "<group>"; };
		D6C1D46A21CACCC5006DE761 /* 9012.cpp */ = {isa = PBXFileReference; fileEncoding = 4; lastKnownFileType = sourcecode.cpp.cpp; path = 9012.cpp; sourceTree = "<group>"; };
		D6C1D46B21CACCC5006DE761 /* 7576(토마토).cpp */ = {isa = PBXFileReference; fileEncoding = 4; lastKnownFileType = sourcecode.cpp.cpp; path = "7576(토마토).cpp"; sourceTree = "<group>"; };
		D6C1D46C21CACCC6006DE761 /* 10799.cpp */ = {isa = PBXFileReference; fileEncoding = 4; lastKnownFileType = sourcecode.cpp.cpp; path = 10799.cpp; sourceTree = "<group>"; };
		D6C1D46D21CACCC6006DE761 /* 10950.cpp */ = {isa = PBXFileReference; fileEncoding = 4; lastKnownFileType = sourcecode.cpp.cpp; path = 10950.cpp; sourceTree = "<group>"; };
		D6C1D46E21CACCC6006DE761 /* main.cpp */ = {isa = PBXFileReference; fileEncoding = 4; lastKnownFileType = sourcecode.cpp.cpp; path = main.cpp; sourceTree = "<group>"; };
		D6C1D46F21CACCC6006DE761 /* 1924.cpp */ = {isa = PBXFileReference; fileEncoding = 4; lastKnownFileType = sourcecode.cpp.cpp; path = 1924.cpp; sourceTree = "<group>"; };
		D6C1D47021CACCC6006DE761 /* 10828.cpp */ = {isa = PBXFileReference; fileEncoding = 4; lastKnownFileType = sourcecode.cpp.cpp; path = 10828.cpp; sourceTree = "<group>"; };
		D6C1D47121CACCC6006DE761 /* 10809(알파벳찾기).cpp */ = {isa = PBXFileReference; fileEncoding = 4; lastKnownFileType = sourcecode.cpp.cpp; path = "10809(알파벳찾기).cpp"; sourceTree = "<group>"; };
		D6C1D47221CACCC6006DE761 /* 2667(단지번호붙이기).cpp */ = {isa = PBXFileReference; fileEncoding = 4; lastKnownFileType = sourcecode.cpp.cpp; path = "2667(단지번호붙이기).cpp"; sourceTree = "<group>"; };
		D6C1D47321CACCC7006DE761 /* 11052(붕어빵판매하기).cpp */ = {isa = PBXFileReference; fileEncoding = 4; lastKnownFileType = sourcecode.cpp.cpp; path = "11052(붕어빵판매하기).cpp"; sourceTree = "<group>"; };
		D6C1D49721CD32D9006DE761 /* 2743(단어길이재기).cpp */ = {isa = PBXFileReference; lastKnownFileType = sourcecode.cpp.cpp; path = "2743(단어길이재기).cpp"; sourceTree = "<group>"; };
		D6C1D49A21CD3B5B006DE761 /* 11655(ROT13).cpp */ = {isa = PBXFileReference; lastKnownFileType = sourcecode.cpp.cpp; path = "11655(ROT13).cpp"; sourceTree = "<group>"; };
		D6C1D49C21CD540C006DE761 /* 10824(네수).cpp */ = {isa = PBXFileReference; lastKnownFileType = sourcecode.cpp.cpp; path = "10824(네수).cpp"; sourceTree = "<group>"; };
		D6C1D49E21CD62E4006DE761 /* 11656(접미사배열).cpp */ = {isa = PBXFileReference; lastKnownFileType = sourcecode.cpp.cpp; path = "11656(접미사배열).cpp"; sourceTree = "<group>"; };
		D6C1D4A021D1108A006DE761 /* 1463(1로만들기)-topbottom.cpp */ = {isa = PBXFileReference; lastKnownFileType = sourcecode.cpp.cpp; path = "1463(1로만들기)-topbottom.cpp"; sourceTree = "<group>"; };
		D6C1D4A221D27CB6006DE761 /* 피보나치.cpp */ = {isa = PBXFileReference; lastKnownFileType = sourcecode.cpp.cpp; path = "피보나치.cpp"; sourceTree = "<group>"; };
		D6D9FF4622413962004F40C4 /* greedy_algorithm_2.cpp */ = {isa = PBXFileReference; lastKnownFileType = sourcecode.cpp.cpp; path = greedy_algorithm_2.cpp; sourceTree = "<group>"; };
		D6D9FF4822413AA0004F40C4 /* greedy_algorithm_3.cpp */ = {isa = PBXFileReference; lastKnownFileType = sourcecode.cpp.cpp; path = greedy_algorithm_3.cpp; sourceTree = "<group>"; };
		D6D9FF4A22414036004F40C4 /* 11047(동전0).cpp */ = {isa = PBXFileReference; lastKnownFileType = sourcecode.cpp.cpp; path = "11047(동전0).cpp"; sourceTree = "<group>"; };
		D6FA49C2222EE0F4005F5EDB /* stack_queue_basic.cpp */ = {isa = PBXFileReference; lastKnownFileType = sourcecode.cpp.cpp; path = stack_queue_basic.cpp; sourceTree = "<group>"; };
		D6FA49C4222FCF0D005F5EDB /* String_tokenizer.cpp */ = {isa = PBXFileReference; lastKnownFileType = sourcecode.cpp.cpp; path = String_tokenizer.cpp; sourceTree = "<group>"; };
		D6FA49C6222FDFEB005F5EDB /* DFS_BFS_basic.cpp */ = {isa = PBXFileReference; lastKnownFileType = sourcecode.cpp.cpp; path = DFS_BFS_basic.cpp; sourceTree = "<group>"; };
		D6FC026B2244C52500633412 /* SWM대비-string-sort2.cpp */ = {isa = PBXFileReference; lastKnownFileType = sourcecode.cpp.cpp; path = "SWM대비-string-sort2.cpp"; sourceTree = "<group>"; };
/* End PBXFileReference section */

/* Begin PBXFrameworksBuildPhase section */
		D6C1D44421CACC86006DE761 /* Frameworks */ = {
			isa = PBXFrameworksBuildPhase;
			buildActionMask = 2147483647;
			files = (
			);
			runOnlyForDeploymentPostprocessing = 0;
		};
/* End PBXFrameworksBuildPhase section */

/* Begin PBXGroup section */
		D6C1D43E21CACC86006DE761 = {
			isa = PBXGroup;
			children = (
				D6C1D44921CACC86006DE761 /* beakjoon_algorithm */,
				D6C1D44821CACC86006DE761 /* Products */,
			);
			sourceTree = "<group>";
		};
		D6C1D44821CACC86006DE761 /* Products */ = {
			isa = PBXGroup;
			children = (
				D6C1D44721CACC86006DE761 /* beakjoon_algorithm */,
			);
			name = Products;
			sourceTree = "<group>";
		};
		D6C1D44921CACC86006DE761 /* beakjoon_algorithm */ = {
			isa = PBXGroup;
			children = (
				D6C1D46221CACCC4006DE761 /* 1012(유기농배추).cpp */,
				D6C1D46121CACCC4006DE761 /* 1158(조세퍼스).cpp */,
				D6C1D45321CACCC3006DE761 /* 1260(DFS-2).cpp */,
				D6C1D46821CACCC5006DE761 /* 1260(DFS와BFS).cpp */,
				D6C1D45D21CACCC4006DE761 /* 1406.cpp */,
				D6C1D46521CACCC5006DE761 /* 1406(에디터).cpp */,
				D6C1D45E21CACCC4006DE761 /* 1697(숨바꼭질).cpp */,
				D6C1D46F21CACCC6006DE761 /* 1924.cpp */,
				D6C1D45821CACCC3006DE761 /* 1937(욕심쟁이판다).cpp */,
				D6C1D46021CACCC4006DE761 /* 2178(미로탐색).cpp */,
				D6C1D45B21CACCC3006DE761 /* 2579(계단오르기).cpp */,
				D6C1D45721CACCC3006DE761 /* 2667(단지2).cpp */,
				D6C1D47221CACCC6006DE761 /* 2667(단지번호붙이기).cpp */,
				D6C1D45A21CACCC3006DE761 /* 7289.cpp */,
				D6C1D46B21CACCC5006DE761 /* 7576(토마토).cpp */,
				D6C1D46A21CACCC5006DE761 /* 9012.cpp */,
				D6C1D45921CACCC3006DE761 /* 10172.cpp */,
				D6C1D46C21CACCC6006DE761 /* 10799.cpp */,
				D6C1D46421CACCC5006DE761 /* 10799(쇠막대기).cpp */,
				D6C1D45121CACCC2006DE761 /* 10808(알파벳개수).cpp */,
				D6C1D47121CACCC6006DE761 /* 10809(알파벳찾기).cpp */,
				D6C1D45221CACCC3006DE761 /* 10820(문자열분석).cpp */,
				D6C1D46721CACCC5006DE761 /* 10828_stack.cpp */,
				D6C1D47021CACCC6006DE761 /* 10828.cpp */,
				D6C1D45C21CACCC4006DE761 /* 10845.cpp */,
				D6C1D46321CACCC4006DE761 /* 10866(Deque).cpp */,
				D6C1D46D21CACCC6006DE761 /* 10950.cpp */,
				D6C1D45421CACCC3006DE761 /* 10951.cpp */,
				D6C1D47321CACCC7006DE761 /* 11052(붕어빵판매하기).cpp */,
				D6C1D46621CACCC5006DE761 /* 11656.cpp */,
				D6C1D45621CACCC3006DE761 /* 11718(그대로 출력하기).cpp */,
				D6C1D46921CACCC5006DE761 /* Recursive_example.cpp */,
				D6C1D46E21CACCC6006DE761 /* main.cpp */,
				D6C1D45521CACCC3006DE761 /* nevelcup_A.cpp */,
				D6C1D49721CD32D9006DE761 /* 2743(단어길이재기).cpp */,
				D6C1D49A21CD3B5B006DE761 /* 11655(ROT13).cpp */,
				D6C1D49C21CD540C006DE761 /* 10824(네수).cpp */,
				D6C1D49E21CD62E4006DE761 /* 11656(접미사배열).cpp */,
				D6C1D4A021D1108A006DE761 /* 1463(1로만들기)-topbottom.cpp */,
				D6C1D4A221D27CB6006DE761 /* 피보나치.cpp */,
				D60C11E621D28CA5008E3B52 /* 1463(1로만들기)-bottomup.cpp */,
				D60C11E921DB0C6B008E3B52 /* 11762(2*n타일만들기).cpp */,
				D65F0B232229008D0009D839 /* bubble_sort.cpp */,
				D62A788F222AC00D00F58792 /* greedy_algorithm.cpp */,
				D62A7891222AC90D00F58792 /* selection_sort.cpp */,
				D62A7893222AD8C900F58792 /* insertion_sort.cpp */,
				D62A7895222ADCEE00F58792 /* quick_sort.cpp */,
				D62A7897222BA29800F58792 /* numeral_system.cpp */,
				D62A789B222BBC9200F58792 /* quicksort2.cpp */,
				D62A789D222D43F600F58792 /* merge_sort.cpp */,
				D62A789F222D4F6600F58792 /* Sort_STL.cpp */,
				D62A78A1222D521A00F58792 /* Sort_STL2.cpp */,
				D62A78A3222D576800F58792 /* Sort_STL3.cpp */,
				D62A78A5222D635F00F58792 /* heap_sort.cpp */,
				D62A78A7222D726E00F58792 /* couting_sort.cpp */,
				D62A78A9222D77B800F58792 /* 1181(단어정렬).cpp */,
				D6FA49C2222EE0F4005F5EDB /* stack_queue_basic.cpp */,
				D6FA49C4222FCF0D005F5EDB /* String_tokenizer.cpp */,
				D6FA49C6222FDFEB005F5EDB /* DFS_BFS_basic.cpp */,
				D621D391222FFAD70013625D /* 2839(설탕배달).cpp */,
				D63D5AC62230BCE60063F586 /* 9498(시험성적).cpp */,
				D63D5AC82230BF910063F586 /* 4673(셀프넘버).cpp */,
				D63D5ACA223111640063F586 /* TestCase.cpp */,
				D63D5ACC223178910063F586 /* union_find.cpp */,
				D63D5ACE22317BF00063F586 /* cruscal_agorithm.cpp */,
				D63D5AD0223184A30063F586 /* binary_tree.cpp */,
				D63D5AD32234FC490063F586 /* fibonachi.cpp */,
				D63D5AD5223500790063F586 /* 1463(1로 만들기).cpp */,
				D63D5AD7223503AA0063F586 /* Sort_upgrade.cpp */,
				D63D5AD92236C5430063F586 /* 10430(나머지).cpp */,
				D63D5ADB2236C7F30063F586 /* GCD-1.cpp */,
				D63D5ADD2236C94D0063F586 /* GCD-2.cpp */,
				D63D5ADF2236CA070063F586 /* GCD-3.cpp */,
				D63D5AE12236CB1A0063F586 /* GCD-4.cpp */,
				D63D5AE32236CC7F0063F586 /* GCDLCM-1.cpp */,
				D63D5AE52236CDEF0063F586 /* LCM.cpp */,
				D63D5AE72236CF940063F586 /* GCD-SUM.cpp */,
				D63D5AE92236D24E0063F586 /* BC(baseconversion).cpp */,
				D63D5AEB2237457C0063F586 /* test-file.cpp */,
				D636A1B3223D1B0400F9E74B /* 11005(진법변환2).cpp */,
				D636A1B5223D24B500F9E74B /* 2745(진법변환1).cpp */,
				D636A1B7223D2CCF00F9E74B /* prime_number.cpp */,
				D614F3F0223D3626003433B6 /* prime_factorization.cpp */,
				D614F3F2223D38D0003433B6 /* factorial_exam.cpp */,
				D6D9FF4622413962004F40C4 /* greedy_algorithm_2.cpp */,
				D6D9FF4822413AA0004F40C4 /* greedy_algorithm_3.cpp */,
				D6D9FF4A22414036004F40C4 /* 11047(동전0).cpp */,
				D624D6032241F8C700ED5E68 /* merge-sort-swm.cpp */,
				D624D60622426AF000ED5E68 /* 기억상실(소마).cpp */,
				D624D6082242713000ED5E68 /* SWM대비-그리디알고리즘1개념.cpp */,
				D624D60A224273A700ED5E68 /* SWM대비-그리디알고리즘2(5585거스름돈).cpp */,
				D624D60C224275E000ED5E68 /* SWM대비-그리디알고리즘3(11047동전0).cpp */,
				D69534D52242841200CAC90A /* SWM대비-그리디알고리즘4(11339ATM).cpp */,
				D648B7E022428A7800AB730D /* SWM대비-그리디알고리즘5(2217로프).cpp */,
				D648B7E2224296CE00AB730D /* SWM대비-대소문자 변경.cpp */,
				D648B7E422429A6700AB730D /* SWM대비-진법 변환.cpp */,
				D648B7E622429D6600AB730D /* SWM대비-선택정렬.cpp */,
				D648B7E822429F5800AB730D /* SWM대비-삽입정렬.cpp */,
				D648B7EA2242A11200AB730D /* SWM대비-퀵정렬.cpp */,
				D648B7EC2242A68900AB730D /* SWM대비- 최대공약수,최소공배수.cpp */,
				D648B7EE2242A7AC00AB730D /* SWM대비-팩토리얼.cpp */,
				D648B7F02242A88300AB730D /* SWM대비-피보나치수열.cpp */,
				D648B7F22242ABAC00AB730D /* SWM대비-버블정렬.cpp */,
				D648B7F42242BC5D00AB730D /* SWM대비-합병정렬.cpp */,
				D648B7F622435DCE00AB730D /* SWM대비-BFS.cpp */,
				D648B7F822436E6A00AB730D /* SWM대비-vector.cpp */,
				D648B7FA2243795100AB730D /* SWM대비-BFSDFS미로탐색.cpp */,
				D6AAB88B2244ABED00894B7B /* SWM대비-pair.cpp */,
				D6AAB88D2244B2BE00894B7B /* SWM대비-계수정렬.cpp */,
				D6AAB88F2244BA8D00894B7B /* SWM대비-string-sort.cpp */,
				D63D33EF2244BFD30099025E /* SWM대비-string-sort1.cpp */,
				D6FC026B2244C52500633412 /* SWM대비-string-sort2.cpp */,
			);
			path = beakjoon_algorithm;
			sourceTree = "<group>";
		};
/* End PBXGroup section */

/* Begin PBXNativeTarget section */
		D6C1D44621CACC86006DE761 /* beakjoon_algorithm */ = {
			isa = PBXNativeTarget;
			buildConfigurationList = D6C1D44E21CACC86006DE761 /* Build configuration list for PBXNativeTarget "beakjoon_algorithm" */;
			buildPhases = (
				D6C1D44321CACC86006DE761 /* Sources */,
				D6C1D44421CACC86006DE761 /* Frameworks */,
				D6C1D44521CACC86006DE761 /* CopyFiles */,
			);
			buildRules = (
			);
			dependencies = (
			);
			name = beakjoon_algorithm;
			productName = beakjoon_algorithm;
			productReference = D6C1D44721CACC86006DE761 /* beakjoon_algorithm */;
			productType = "com.apple.product-type.tool";
		};
/* End PBXNativeTarget section */

/* Begin PBXProject section */
		D6C1D43F21CACC86006DE761 /* Project object */ = {
			isa = PBXProject;
			attributes = {
				LastUpgradeCheck = 1010;
				ORGANIZATIONNAME = kgh;
				TargetAttributes = {
					D6C1D44621CACC86006DE761 = {
						CreatedOnToolsVersion = 10.1;
					};
				};
			};
			buildConfigurationList = D6C1D44221CACC86006DE761 /* Build configuration list for PBXProject "beakjoon_algorithm" */;
			compatibilityVersion = "Xcode 9.3";
			developmentRegion = en;
			hasScannedForEncodings = 0;
			knownRegions = (
				en,
			);
			mainGroup = D6C1D43E21CACC86006DE761;
			productRefGroup = D6C1D44821CACC86006DE761 /* Products */;
			projectDirPath = "";
			projectRoot = "";
			targets = (
				D6C1D44621CACC86006DE761 /* beakjoon_algorithm */,
			);
		};
/* End PBXProject section */

/* Begin PBXSourcesBuildPhase section */
		D6C1D44321CACC86006DE761 /* Sources */ = {
			isa = PBXSourcesBuildPhase;
			buildActionMask = 2147483647;
			files = (
				D6FC026C2244C52500633412 /* SWM대비-string-sort2.cpp in Sources */,
			);
			runOnlyForDeploymentPostprocessing = 0;
		};
/* End PBXSourcesBuildPhase section */

/* Begin XCBuildConfiguration section */
		D6C1D44C21CACC86006DE761 /* Debug */ = {
			isa = XCBuildConfiguration;
			buildSettings = {
				ALWAYS_SEARCH_USER_PATHS = NO;
				CLANG_ANALYZER_NONNULL = YES;
				CLANG_ANALYZER_NUMBER_OBJECT_CONVERSION = YES_AGGRESSIVE;
				CLANG_CXX_LANGUAGE_STANDARD = "gnu++14";
				CLANG_CXX_LIBRARY = "libc++";
				CLANG_ENABLE_MODULES = YES;
				CLANG_ENABLE_OBJC_ARC = YES;
				CLANG_ENABLE_OBJC_WEAK = YES;
				CLANG_WARN_BLOCK_CAPTURE_AUTORELEASING = YES;
				CLANG_WARN_BOOL_CONVERSION = YES;
				CLANG_WARN_COMMA = YES;
				CLANG_WARN_CONSTANT_CONVERSION = YES;
				CLANG_WARN_DEPRECATED_OBJC_IMPLEMENTATIONS = YES;
				CLANG_WARN_DIRECT_OBJC_ISA_USAGE = YES_ERROR;
				CLANG_WARN_DOCUMENTATION_COMMENTS = YES;
				CLANG_WARN_EMPTY_BODY = YES;
				CLANG_WARN_ENUM_CONVERSION = YES;
				CLANG_WARN_INFINITE_RECURSION = YES;
				CLANG_WARN_INT_CONVERSION = YES;
				CLANG_WARN_NON_LITERAL_NULL_CONVERSION = YES;
				CLANG_WARN_OBJC_IMPLICIT_RETAIN_SELF = YES;
				CLANG_WARN_OBJC_LITERAL_CONVERSION = YES;
				CLANG_WARN_OBJC_ROOT_CLASS = YES_ERROR;
				CLANG_WARN_RANGE_LOOP_ANALYSIS = YES;
				CLANG_WARN_STRICT_PROTOTYPES = YES;
				CLANG_WARN_SUSPICIOUS_MOVE = YES;
				CLANG_WARN_UNGUARDED_AVAILABILITY = YES_AGGRESSIVE;
				CLANG_WARN_UNREACHABLE_CODE = YES;
				CLANG_WARN__DUPLICATE_METHOD_MATCH = YES;
				CODE_SIGN_IDENTITY = "-";
				COPY_PHASE_STRIP = NO;
				DEBUG_INFORMATION_FORMAT = dwarf;
				ENABLE_STRICT_OBJC_MSGSEND = YES;
				ENABLE_TESTABILITY = YES;
				GCC_C_LANGUAGE_STANDARD = gnu11;
				GCC_DYNAMIC_NO_PIC = NO;
				GCC_NO_COMMON_BLOCKS = YES;
				GCC_OPTIMIZATION_LEVEL = 0;
				GCC_PREPROCESSOR_DEFINITIONS = (
					"DEBUG=1",
					"$(inherited)",
				);
				GCC_WARN_64_TO_32_BIT_CONVERSION = YES;
				GCC_WARN_ABOUT_RETURN_TYPE = YES_ERROR;
				GCC_WARN_UNDECLARED_SELECTOR = YES;
				GCC_WARN_UNINITIALIZED_AUTOS = YES_AGGRESSIVE;
				GCC_WARN_UNUSED_FUNCTION = YES;
				GCC_WARN_UNUSED_VARIABLE = YES;
				MACOSX_DEPLOYMENT_TARGET = 10.14;
				MTL_ENABLE_DEBUG_INFO = INCLUDE_SOURCE;
				MTL_FAST_MATH = YES;
				ONLY_ACTIVE_ARCH = YES;
				SDKROOT = macosx;
			};
			name = Debug;
		};
		D6C1D44D21CACC86006DE761 /* Release */ = {
			isa = XCBuildConfiguration;
			buildSettings = {
				ALWAYS_SEARCH_USER_PATHS = NO;
				CLANG_ANALYZER_NONNULL = YES;
				CLANG_ANALYZER_NUMBER_OBJECT_CONVERSION = YES_AGGRESSIVE;
				CLANG_CXX_LANGUAGE_STANDARD = "gnu++14";
				CLANG_CXX_LIBRARY = "libc++";
				CLANG_ENABLE_MODULES = YES;
				CLANG_ENABLE_OBJC_ARC = YES;
				CLANG_ENABLE_OBJC_WEAK = YES;
				CLANG_WARN_BLOCK_CAPTURE_AUTORELEASING = YES;
				CLANG_WARN_BOOL_CONVERSION = YES;
				CLANG_WARN_COMMA = YES;
				CLANG_WARN_CONSTANT_CONVERSION = YES;
				CLANG_WARN_DEPRECATED_OBJC_IMPLEMENTATIONS = YES;
				CLANG_WARN_DIRECT_OBJC_ISA_USAGE = YES_ERROR;
				CLANG_WARN_DOCUMENTATION_COMMENTS = YES;
				CLANG_WARN_EMPTY_BODY = YES;
				CLANG_WARN_ENUM_CONVERSION = YES;
				CLANG_WARN_INFINITE_RECURSION = YES;
				CLANG_WARN_INT_CONVERSION = YES;
				CLANG_WARN_NON_LITERAL_NULL_CONVERSION = YES;
				CLANG_WARN_OBJC_IMPLICIT_RETAIN_SELF = YES;
				CLANG_WARN_OBJC_LITERAL_CONVERSION = YES;
				CLANG_WARN_OBJC_ROOT_CLASS = YES_ERROR;
				CLANG_WARN_RANGE_LOOP_ANALYSIS = YES;
				CLANG_WARN_STRICT_PROTOTYPES = YES;
				CLANG_WARN_SUSPICIOUS_MOVE = YES;
				CLANG_WARN_UNGUARDED_AVAILABILITY = YES_AGGRESSIVE;
				CLANG_WARN_UNREACHABLE_CODE = YES;
				CLANG_WARN__DUPLICATE_METHOD_MATCH = YES;
				CODE_SIGN_IDENTITY = "-";
				COPY_PHASE_STRIP = NO;
				DEBUG_INFORMATION_FORMAT = "dwarf-with-dsym";
				ENABLE_NS_ASSERTIONS = NO;
				ENABLE_STRICT_OBJC_MSGSEND = YES;
				GCC_C_LANGUAGE_STANDARD = gnu11;
				GCC_NO_COMMON_BLOCKS = YES;
				GCC_WARN_64_TO_32_BIT_CONVERSION = YES;
				GCC_WARN_ABOUT_RETURN_TYPE = YES_ERROR;
				GCC_WARN_UNDECLARED_SELECTOR = YES;
				GCC_WARN_UNINITIALIZED_AUTOS = YES_AGGRESSIVE;
				GCC_WARN_UNUSED_FUNCTION = YES;
				GCC_WARN_UNUSED_VARIABLE = YES;
				MACOSX_DEPLOYMENT_TARGET = 10.14;
				MTL_ENABLE_DEBUG_INFO = NO;
				MTL_FAST_MATH = YES;
				SDKROOT = macosx;
			};
			name = Release;
		};
		D6C1D44F21CACC86006DE761 /* Debug */ = {
			isa = XCBuildConfiguration;
			buildSettings = {
				CODE_SIGN_STYLE = Automatic;
				PRODUCT_NAME = "$(TARGET_NAME)";
			};
			name = Debug;
		};
		D6C1D45021CACC86006DE761 /* Release */ = {
			isa = XCBuildConfiguration;
			buildSettings = {
				CODE_SIGN_STYLE = Automatic;
				PRODUCT_NAME = "$(TARGET_NAME)";
			};
			name = Release;
		};
/* End XCBuildConfiguration section */

/* Begin XCConfigurationList section */
		D6C1D44221CACC86006DE761 /* Build configuration list for PBXProject "beakjoon_algorithm" */ = {
			isa = XCConfigurationList;
			buildConfigurations = (
				D6C1D44C21CACC86006DE761 /* Debug */,
				D6C1D44D21CACC86006DE761 /* Release */,
			);
			defaultConfigurationIsVisible = 0;
			defaultConfigurationName = Release;
		};
		D6C1D44E21CACC86006DE761 /* Build configuration list for PBXNativeTarget "beakjoon_algorithm" */ = {
			isa = XCConfigurationList;
			buildConfigurations = (
				D6C1D44F21CACC86006DE761 /* Debug */,
				D6C1D45021CACC86006DE761 /* Release */,
			);
			defaultConfigurationIsVisible = 0;
			defaultConfigurationName = Release;
		};
/* End XCConfigurationList section */
	};
	rootObject = D6C1D43F21CACC86006DE761 /* Project object */;
}
